// !$*UTF8*$!
{
	archiveVersion = 1;
	classes = {
	};
	objectVersion = 50;
	objects = {

/* Begin PBXBuildFile section */
		4A39422AC2064DD2E6062063 /* Pods_ShopHalf.framework in Frameworks */ = {isa = PBXBuildFile; fileRef = B9268CE3176E5430B35AFFA7 /* Pods_ShopHalf.framework */; };
		E10AAF56222BADD400967E38 /* Video1.mp4 in Resources */ = {isa = PBXBuildFile; fileRef = E10AAF55222BADD400967E38 /* Video1.mp4 */; };
		E15341EF222C1D1F00CEF171 /* Video2.mp4 in Resources */ = {isa = PBXBuildFile; fileRef = E15341EE222C1D1F00CEF171 /* Video2.mp4 */; };
		E15341F1222C1E7000CEF171 /* Video3.mp4 in Resources */ = {isa = PBXBuildFile; fileRef = E15341F0222C1E7000CEF171 /* Video3.mp4 */; };
		E15341F3222C248500CEF171 /* Logo_T.png in Resources */ = {isa = PBXBuildFile; fileRef = E15341F2222C248400CEF171 /* Logo_T.png */; };
		E15341F7222C266500CEF171 /* Logo_T_W.png in Resources */ = {isa = PBXBuildFile; fileRef = E15341F6222C266500CEF171 /* Logo_T_W.png */; };
		E16250FE22170E7C002C7A71 /* AppDelegate.swift in Sources */ = {isa = PBXBuildFile; fileRef = E16250FD22170E7C002C7A71 /* AppDelegate.swift */; };
		E162510022170E7C002C7A71 /* ViewController.swift in Sources */ = {isa = PBXBuildFile; fileRef = E16250FF22170E7C002C7A71 /* ViewController.swift */; };
		E162510322170E7C002C7A71 /* Main.storyboard in Resources */ = {isa = PBXBuildFile; fileRef = E162510122170E7C002C7A71 /* Main.storyboard */; };
		E162510522170E7D002C7A71 /* Assets.xcassets in Resources */ = {isa = PBXBuildFile; fileRef = E162510422170E7D002C7A71 /* Assets.xcassets */; };
		E162510822170E7D002C7A71 /* LaunchScreen.storyboard in Resources */ = {isa = PBXBuildFile; fileRef = E162510622170E7D002C7A71 /* LaunchScreen.storyboard */; };
		E167E45A222A748E00CC63D6 /* LoginViewController.swift in Sources */ = {isa = PBXBuildFile; fileRef = E167E459222A748E00CC63D6 /* LoginViewController.swift */; };
		E167E45C222A756800CC63D6 /* RegisterViewController.swift in Sources */ = {isa = PBXBuildFile; fileRef = E167E45B222A756800CC63D6 /* RegisterViewController.swift */; };
		E167E45E222A990600CC63D6 /* HomeViewController.swift in Sources */ = {isa = PBXBuildFile; fileRef = E167E45D222A990600CC63D6 /* HomeViewController.swift */; };
		E18B823D222923B400278BAE /* Appicon.png in Resources */ = {isa = PBXBuildFile; fileRef = E18B823C222923B400278BAE /* Appicon.png */; };
		E1F8CFF022190FA200E35DAA /* GoogleService-Info.plist in Resources */ = {isa = PBXBuildFile; fileRef = E1F8CFEF22190FA200E35DAA /* GoogleService-Info.plist */; };
/* End PBXBuildFile section */

/* Begin PBXFileReference section */
		647B80E4896F5C848C7F7627 /* Pods-ShopHalf.debug.xcconfig */ = {isa = PBXFileReference; includeInIndex = 1; lastKnownFileType = text.xcconfig; name = "Pods-ShopHalf.debug.xcconfig"; path = "Target Support Files/Pods-ShopHalf/Pods-ShopHalf.debug.xcconfig"; sourceTree = "<group>"; };
		B9268CE3176E5430B35AFFA7 /* Pods_ShopHalf.framework */ = {isa = PBXFileReference; explicitFileType = wrapper.framework; includeInIndex = 0; path = Pods_ShopHalf.framework; sourceTree = BUILT_PRODUCTS_DIR; };
		D68938330829657A5C838C81 /* Pods-ShopHalf.release.xcconfig */ = {isa = PBXFileReference; includeInIndex = 1; lastKnownFileType = text.xcconfig; name = "Pods-ShopHalf.release.xcconfig"; path = "Target Support Files/Pods-ShopHalf/Pods-ShopHalf.release.xcconfig"; sourceTree = "<group>"; };
		E10AAF55222BADD400967E38 /* Video1.mp4 */ = {isa = PBXFileReference; lastKnownFileType = file; name = Video1.mp4; path = ../../../../../Downloads/Video1.mp4; sourceTree = "<group>"; };
		E15341EE222C1D1F00CEF171 /* Video2.mp4 */ = {isa = PBXFileReference; lastKnownFileType = file; path = Video2.mp4; sourceTree = "<group>"; };
		E15341F0222C1E7000CEF171 /* Video3.mp4 */ = {isa = PBXFileReference; lastKnownFileType = file; path = Video3.mp4; sourceTree = "<group>"; };
		E15341F2222C248400CEF171 /* Logo_T.png */ = {isa = PBXFileReference; lastKnownFileType = image.png; path = Logo_T.png; sourceTree = "<group>"; };
		E15341F6222C266500CEF171 /* Logo_T_W.png */ = {isa = PBXFileReference; lastKnownFileType = image.png; path = Logo_T_W.png; sourceTree = "<group>"; };
		E16250FA22170E7C002C7A71 /* ShopHalf.app */ = {isa = PBXFileReference; explicitFileType = wrapper.application; includeInIndex = 0; path = ShopHalf.app; sourceTree = BUILT_PRODUCTS_DIR; };
		E16250FD22170E7C002C7A71 /* AppDelegate.swift */ = {isa = PBXFileReference; lastKnownFileType = sourcecode.swift; path = AppDelegate.swift; sourceTree = "<group>"; };
		E16250FF22170E7C002C7A71 /* ViewController.swift */ = {isa = PBXFileReference; lastKnownFileType = sourcecode.swift; path = ViewController.swift; sourceTree = "<group>"; };
		E162510222170E7C002C7A71 /* Base */ = {isa = PBXFileReference; lastKnownFileType = file.storyboard; name = Base; path = Base.lproj/Main.storyboard; sourceTree = "<group>"; };
		E162510422170E7D002C7A71 /* Assets.xcassets */ = {isa = PBXFileReference; lastKnownFileType = folder.assetcatalog; path = Assets.xcassets; sourceTree = "<group>"; };
		E162510722170E7D002C7A71 /* Base */ = {isa = PBXFileReference; lastKnownFileType = file.storyboard; name = Base; path = Base.lproj/LaunchScreen.storyboard; sourceTree = "<group>"; };
		E162510922170E7D002C7A71 /* Info.plist */ = {isa = PBXFileReference; lastKnownFileType = text.plist.xml; path = Info.plist; sourceTree = "<group>"; };
		E167E459222A748E00CC63D6 /* LoginViewController.swift */ = {isa = PBXFileReference; lastKnownFileType = sourcecode.swift; path = LoginViewController.swift; sourceTree = "<group>"; };
		E167E45B222A756800CC63D6 /* RegisterViewController.swift */ = {isa = PBXFileReference; lastKnownFileType = sourcecode.swift; path = RegisterViewController.swift; sourceTree = "<group>"; };
		E167E45D222A990600CC63D6 /* HomeViewController.swift */ = {isa = PBXFileReference; lastKnownFileType = sourcecode.swift; path = HomeViewController.swift; sourceTree = "<group>"; };
		E18B823C222923B400278BAE /* Appicon.png */ = {isa = PBXFileReference; lastKnownFileType = image.png; path = Appicon.png; sourceTree = "<group>"; };
		E1F8CFEF22190FA200E35DAA /* GoogleService-Info.plist */ = {isa = PBXFileReference; fileEncoding = 4; lastKnownFileType = text.plist.xml; path = "GoogleService-Info.plist"; sourceTree = "<group>"; };
/* End PBXFileReference section */

/* Begin PBXFrameworksBuildPhase section */
		E16250F722170E7C002C7A71 /* Frameworks */ = {
			isa = PBXFrameworksBuildPhase;
			buildActionMask = 2147483647;
			files = (
				4A39422AC2064DD2E6062063 /* Pods_ShopHalf.framework in Frameworks */,
			);
			runOnlyForDeploymentPostprocessing = 0;
		};
/* End PBXFrameworksBuildPhase section */

/* Begin PBXGroup section */
		48BF000E5930BFE1AADC62E2 /* Pods */ = {
			isa = PBXGroup;
			children = (
				647B80E4896F5C848C7F7627 /* Pods-ShopHalf.debug.xcconfig */,
				D68938330829657A5C838C81 /* Pods-ShopHalf.release.xcconfig */,
			);
			path = Pods;
			sourceTree = "<group>";
		};
		5C4E7C2A500900B1149934AC /* Frameworks */ = {
			isa = PBXGroup;
			children = (
				B9268CE3176E5430B35AFFA7 /* Pods_ShopHalf.framework */,
			);
			name = Frameworks;
			sourceTree = "<group>";
		};
		E10AAF54222BAD0600967E38 /* Resouces */ = {
			isa = PBXGroup;
			children = (
			);
			path = Resouces;
			sourceTree = "<group>";
		};
		E16250F122170E7B002C7A71 = {
			isa = PBXGroup;
			children = (
				E10AAF54222BAD0600967E38 /* Resouces */,
				E16250FC22170E7C002C7A71 /* ShopHalf */,
				E16250FB22170E7C002C7A71 /* Products */,
				48BF000E5930BFE1AADC62E2 /* Pods */,
				5C4E7C2A500900B1149934AC /* Frameworks */,
			);
			sourceTree = "<group>";
		};
		E16250FB22170E7C002C7A71 /* Products */ = {
			isa = PBXGroup;
			children = (
				E16250FA22170E7C002C7A71 /* ShopHalf.app */,
			);
			name = Products;
			sourceTree = "<group>";
		};
		E16250FC22170E7C002C7A71 /* ShopHalf */ = {
			isa = PBXGroup;
			children = (
				E15341F2222C248400CEF171 /* Logo_T.png */,
				E15341F6222C266500CEF171 /* Logo_T_W.png */,
				E15341F0222C1E7000CEF171 /* Video3.mp4 */,
				E10AAF55222BADD400967E38 /* Video1.mp4 */,
				E15341EE222C1D1F00CEF171 /* Video2.mp4 */,
				E16250FD22170E7C002C7A71 /* AppDelegate.swift */,
				E16250FF22170E7C002C7A71 /* ViewController.swift */,
				E1F8CFEF22190FA200E35DAA /* GoogleService-Info.plist */,
				E162510122170E7C002C7A71 /* Main.storyboard */,
				E167E45D222A990600CC63D6 /* HomeViewController.swift */,
				E162510422170E7D002C7A71 /* Assets.xcassets */,
				E18B823C222923B400278BAE /* Appicon.png */,
				E162510622170E7D002C7A71 /* LaunchScreen.storyboard */,
				E162510922170E7D002C7A71 /* Info.plist */,
				E167E459222A748E00CC63D6 /* LoginViewController.swift */,
				E167E45B222A756800CC63D6 /* RegisterViewController.swift */,
			);
			path = ShopHalf;
			sourceTree = "<group>";
		};
/* End PBXGroup section */

/* Begin PBXNativeTarget section */
		E16250F922170E7C002C7A71 /* ShopHalf */ = {
			isa = PBXNativeTarget;
			buildConfigurationList = E162510C22170E7D002C7A71 /* Build configuration list for PBXNativeTarget "ShopHalf" */;
			buildPhases = (
				1B723084CA0E2C4388F160B1 /* [CP] Check Pods Manifest.lock */,
				E16250F622170E7C002C7A71 /* Sources */,
				E16250F722170E7C002C7A71 /* Frameworks */,
				E16250F822170E7C002C7A71 /* Resources */,
				45D7C3763AE28573B7BD000C /* [CP] Embed Pods Frameworks */,
				6D1A41F29A51953AC3FB5031 /* [CP] Copy Pods Resources */,
			);
			buildRules = (
			);
			dependencies = (
			);
			name = ShopHalf;
			productName = ShopHalf;
			productReference = E16250FA22170E7C002C7A71 /* ShopHalf.app */;
			productType = "com.apple.product-type.application";
		};
/* End PBXNativeTarget section */

/* Begin PBXProject section */
		E16250F222170E7B002C7A71 /* Project object */ = {
			isa = PBXProject;
			attributes = {
				LastSwiftUpdateCheck = 1010;
				LastUpgradeCheck = 1010;
				ORGANIZATIONNAME = "Siddharth Sen";
				TargetAttributes = {
					E16250F922170E7C002C7A71 = {
						CreatedOnToolsVersion = 10.1;
					};
				};
			};
			buildConfigurationList = E16250F522170E7B002C7A71 /* Build configuration list for PBXProject "ShopHalf" */;
			compatibilityVersion = "Xcode 9.3";
			developmentRegion = en;
			hasScannedForEncodings = 0;
			knownRegions = (
				en,
				Base,
			);
			mainGroup = E16250F122170E7B002C7A71;
			productRefGroup = E16250FB22170E7C002C7A71 /* Products */;
			projectDirPath = "";
			projectRoot = "";
			targets = (
				E16250F922170E7C002C7A71 /* ShopHalf */,
			);
		};
/* End PBXProject section */

/* Begin PBXResourcesBuildPhase section */
		E16250F822170E7C002C7A71 /* Resources */ = {
			isa = PBXResourcesBuildPhase;
			buildActionMask = 2147483647;
			files = (
				E18B823D222923B400278BAE /* Appicon.png in Resources */,
				E10AAF56222BADD400967E38 /* Video1.mp4 in Resources */,
				E162510822170E7D002C7A71 /* LaunchScreen.storyboard in Resources */,
				E15341F1222C1E7000CEF171 /* Video3.mp4 in Resources */,
				E1F8CFF022190FA200E35DAA /* GoogleService-Info.plist in Resources */,
				E15341EF222C1D1F00CEF171 /* Video2.mp4 in Resources */,
				E162510522170E7D002C7A71 /* Assets.xcassets in Resources */,
				E15341F7222C266500CEF171 /* Logo_T_W.png in Resources */,
				E15341F3222C248500CEF171 /* Logo_T.png in Resources */,
				E162510322170E7C002C7A71 /* Main.storyboard in Resources */,
			);
			runOnlyForDeploymentPostprocessing = 0;
		};
/* End PBXResourcesBuildPhase section */

/* Begin PBXShellScriptBuildPhase section */
		1B723084CA0E2C4388F160B1 /* [CP] Check Pods Manifest.lock */ = {
			isa = PBXShellScriptBuildPhase;
			buildActionMask = 2147483647;
			files = (
			);
			inputFileListPaths = (
			);
			inputPaths = (
				"${PODS_PODFILE_DIR_PATH}/Podfile.lock",
				"${PODS_ROOT}/Manifest.lock",
			);
			name = "[CP] Check Pods Manifest.lock";
			outputFileListPaths = (
			);
			outputPaths = (
				"$(DERIVED_FILE_DIR)/Pods-ShopHalf-checkManifestLockResult.txt",
			);
			runOnlyForDeploymentPostprocessing = 0;
			shellPath = /bin/sh;
			shellScript = "diff \"${PODS_PODFILE_DIR_PATH}/Podfile.lock\" \"${PODS_ROOT}/Manifest.lock\" > /dev/null\nif [ $? != 0 ] ; then\n    # print error to STDERR\n    echo \"error: The sandbox is not in sync with the Podfile.lock. Run 'pod install' or update your CocoaPods installation.\" >&2\n    exit 1\nfi\n# This output is used by Xcode 'outputs' to avoid re-running this script phase.\necho \"SUCCESS\" > \"${SCRIPT_OUTPUT_FILE_0}\"\n";
			showEnvVarsInLog = 0;
		};
		45D7C3763AE28573B7BD000C /* [CP] Embed Pods Frameworks */ = {
			isa = PBXShellScriptBuildPhase;
			buildActionMask = 2147483647;
			files = (
			);
			inputFileListPaths = (
			);
			inputPaths = (
				"${PODS_ROOT}/Target Support Files/Pods-ShopHalf/Pods-ShopHalf-frameworks.sh",
				"${BUILT_PRODUCTS_DIR}/Bolts/Bolts.framework",
				"${BUILT_PRODUCTS_DIR}/BoringSSL-GRPC/openssl_grpc.framework",
				"${BUILT_PRODUCTS_DIR}/FBSDKCoreKit/FBSDKCoreKit.framework",
				"${BUILT_PRODUCTS_DIR}/FBSDKLoginKit/FBSDKLoginKit.framework",
				"${BUILT_PRODUCTS_DIR}/GTMSessionFetcher/GTMSessionFetcher.framework",
				"${BUILT_PRODUCTS_DIR}/GoogleToolboxForMac/GoogleToolboxForMac.framework",
				"${BUILT_PRODUCTS_DIR}/GoogleUtilities/GoogleUtilities.framework",
				"${BUILT_PRODUCTS_DIR}/Protobuf/Protobuf.framework",
				"${BUILT_PRODUCTS_DIR}/SDWebImage/SDWebImage.framework",
				"${PODS_ROOT}/TwitterCore/iOS/TwitterCore.framework",
				"${PODS_ROOT}/TwitterKit/iOS/TwitterKit.framework",
				"${BUILT_PRODUCTS_DIR}/gRPC-C++/grpcpp.framework",
				"${BUILT_PRODUCTS_DIR}/gRPC-Core/grpc.framework",
				"${BUILT_PRODUCTS_DIR}/leveldb-library/leveldb.framework",
				"${BUILT_PRODUCTS_DIR}/nanopb/nanopb.framework",
			);
			name = "[CP] Embed Pods Frameworks";
			outputFileListPaths = (
			);
			outputPaths = (
				"${TARGET_BUILD_DIR}/${FRAMEWORKS_FOLDER_PATH}/Bolts.framework",
				"${TARGET_BUILD_DIR}/${FRAMEWORKS_FOLDER_PATH}/openssl_grpc.framework",
				"${TARGET_BUILD_DIR}/${FRAMEWORKS_FOLDER_PATH}/FBSDKCoreKit.framework",
				"${TARGET_BUILD_DIR}/${FRAMEWORKS_FOLDER_PATH}/FBSDKLoginKit.framework",
				"${TARGET_BUILD_DIR}/${FRAMEWORKS_FOLDER_PATH}/GTMSessionFetcher.framework",
				"${TARGET_BUILD_DIR}/${FRAMEWORKS_FOLDER_PATH}/GoogleToolboxForMac.framework",
				"${TARGET_BUILD_DIR}/${FRAMEWORKS_FOLDER_PATH}/GoogleUtilities.framework",
				"${TARGET_BUILD_DIR}/${FRAMEWORKS_FOLDER_PATH}/Protobuf.framework",
				"${TARGET_BUILD_DIR}/${FRAMEWORKS_FOLDER_PATH}/SDWebImage.framework",
				"${TARGET_BUILD_DIR}/${FRAMEWORKS_FOLDER_PATH}/TwitterCore.framework",
				"${TARGET_BUILD_DIR}/${FRAMEWORKS_FOLDER_PATH}/TwitterKit.framework",
				"${TARGET_BUILD_DIR}/${FRAMEWORKS_FOLDER_PATH}/grpcpp.framework",
				"${TARGET_BUILD_DIR}/${FRAMEWORKS_FOLDER_PATH}/grpc.framework",
				"${TARGET_BUILD_DIR}/${FRAMEWORKS_FOLDER_PATH}/leveldb.framework",
				"${TARGET_BUILD_DIR}/${FRAMEWORKS_FOLDER_PATH}/nanopb.framework",
			);
			runOnlyForDeploymentPostprocessing = 0;
			shellPath = /bin/sh;
			shellScript = "\"${PODS_ROOT}/Target Support Files/Pods-ShopHalf/Pods-ShopHalf-frameworks.sh\"\n";
			showEnvVarsInLog = 0;
		};
		6D1A41F29A51953AC3FB5031 /* [CP] Copy Pods Resources */ = {
			isa = PBXShellScriptBuildPhase;
			buildActionMask = 2147483647;
			files = (
			);
			inputFileListPaths = (
			);
			inputPaths = (
				"${PODS_ROOT}/Target Support Files/Pods-ShopHalf/Pods-ShopHalf-resources.sh",
				"${PODS_CONFIGURATION_BUILD_DIR}/FirebaseUI/FirebaseAnonymousAuthUI.bundle",
				"${PODS_CONFIGURATION_BUILD_DIR}/FirebaseUI/FirebaseAuthUI.bundle",
				"${PODS_CONFIGURATION_BUILD_DIR}/FirebaseUI/FirebaseEmailAuthUI.bundle",
				"${PODS_CONFIGURATION_BUILD_DIR}/FirebaseUI/FirebaseFacebookAuthUI.bundle",
				"${PODS_CONFIGURATION_BUILD_DIR}/FirebaseUI/FirebaseGoogleAuthUI.bundle",
				"${PODS_CONFIGURATION_BUILD_DIR}/FirebaseUI/FirebasePhoneAuthUI.bundle",
				"${PODS_CONFIGURATION_BUILD_DIR}/FirebaseUI/FirebaseTwitterAuthUI.bundle",
				"${PODS_ROOT}/GoogleSignIn/Resources/GoogleSignIn.bundle",
				"${PODS_ROOT}/TwitterKit/iOS/TwitterKit.framework/TwitterKitResources.bundle",
			);
			name = "[CP] Copy Pods Resources";
			outputFileListPaths = (
			);
			outputPaths = (
				"${TARGET_BUILD_DIR}/${UNLOCALIZED_RESOURCES_FOLDER_PATH}/FirebaseAnonymousAuthUI.bundle",
				"${TARGET_BUILD_DIR}/${UNLOCALIZED_RESOURCES_FOLDER_PATH}/FirebaseAuthUI.bundle",
				"${TARGET_BUILD_DIR}/${UNLOCALIZED_RESOURCES_FOLDER_PATH}/FirebaseEmailAuthUI.bundle",
				"${TARGET_BUILD_DIR}/${UNLOCALIZED_RESOURCES_FOLDER_PATH}/FirebaseFacebookAuthUI.bundle",
				"${TARGET_BUILD_DIR}/${UNLOCALIZED_RESOURCES_FOLDER_PATH}/FirebaseGoogleAuthUI.bundle",
				"${TARGET_BUILD_DIR}/${UNLOCALIZED_RESOURCES_FOLDER_PATH}/FirebasePhoneAuthUI.bundle",
				"${TARGET_BUILD_DIR}/${UNLOCALIZED_RESOURCES_FOLDER_PATH}/FirebaseTwitterAuthUI.bundle",
				"${TARGET_BUILD_DIR}/${UNLOCALIZED_RESOURCES_FOLDER_PATH}/GoogleSignIn.bundle",
				"${TARGET_BUILD_DIR}/${UNLOCALIZED_RESOURCES_FOLDER_PATH}/TwitterKitResources.bundle",
			);
			runOnlyForDeploymentPostprocessing = 0;
			shellPath = /bin/sh;
			shellScript = "\"${PODS_ROOT}/Target Support Files/Pods-ShopHalf/Pods-ShopHalf-resources.sh\"\n";
			showEnvVarsInLog = 0;
		};
/* End PBXShellScriptBuildPhase section */

/* Begin PBXSourcesBuildPhase section */
		E16250F622170E7C002C7A71 /* Sources */ = {
			isa = PBXSourcesBuildPhase;
			buildActionMask = 2147483647;
			files = (
				E167E45E222A990600CC63D6 /* HomeViewController.swift in Sources */,
				E167E45A222A748E00CC63D6 /* LoginViewController.swift in Sources */,
				E162510022170E7C002C7A71 /* ViewController.swift in Sources */,
				E16250FE22170E7C002C7A71 /* AppDelegate.swift in Sources */,
				E167E45C222A756800CC63D6 /* RegisterViewController.swift in Sources */,
			);
			runOnlyForDeploymentPostprocessing = 0;
		};
/* End PBXSourcesBuildPhase section */

/* Begin PBXVariantGroup section */
		E162510122170E7C002C7A71 /* Main.storyboard */ = {
			isa = PBXVariantGroup;
			children = (
				E162510222170E7C002C7A71 /* Base */,
			);
			name = Main.storyboard;
			sourceTree = "<group>";
		};
		E162510622170E7D002C7A71 /* LaunchScreen.storyboard */ = {
			isa = PBXVariantGroup;
			children = (
				E162510722170E7D002C7A71 /* Base */,
			);
			name = LaunchScreen.storyboard;
			sourceTree = "<group>";
		};
/* End PBXVariantGroup section */

/* Begin XCBuildConfiguration section */
		E162510A22170E7D002C7A71 /* Debug */ = {
			isa = XCBuildConfiguration;
			buildSettings = {
				ALWAYS_SEARCH_USER_PATHS = NO;
				CLANG_ANALYZER_NONNULL = YES;
				CLANG_ANALYZER_NUMBER_OBJECT_CONVERSION = YES_AGGRESSIVE;
				CLANG_CXX_LANGUAGE_STANDARD = "gnu++14";
				CLANG_CXX_LIBRARY = "libc++";
				CLANG_ENABLE_MODULES = YES;
				CLANG_ENABLE_OBJC_ARC = YES;
				CLANG_ENABLE_OBJC_WEAK = YES;
				CLANG_WARN_BLOCK_CAPTURE_AUTORELEASING = YES;
				CLANG_WARN_BOOL_CONVERSION = YES;
				CLANG_WARN_COMMA = YES;
				CLANG_WARN_CONSTANT_CONVERSION = YES;
				CLANG_WARN_DEPRECATED_OBJC_IMPLEMENTATIONS = YES;
				CLANG_WARN_DIRECT_OBJC_ISA_USAGE = YES_ERROR;
				CLANG_WARN_DOCUMENTATION_COMMENTS = YES;
				CLANG_WARN_EMPTY_BODY = YES;
				CLANG_WARN_ENUM_CONVERSION = YES;
				CLANG_WARN_INFINITE_RECURSION = YES;
				CLANG_WARN_INT_CONVERSION = YES;
				CLANG_WARN_NON_LITERAL_NULL_CONVERSION = YES;
				CLANG_WARN_OBJC_IMPLICIT_RETAIN_SELF = YES;
				CLANG_WARN_OBJC_LITERAL_CONVERSION = YES;
				CLANG_WARN_OBJC_ROOT_CLASS = YES_ERROR;
				CLANG_WARN_RANGE_LOOP_ANALYSIS = YES;
				CLANG_WARN_STRICT_PROTOTYPES = YES;
				CLANG_WARN_SUSPICIOUS_MOVE = YES;
				CLANG_WARN_UNGUARDED_AVAILABILITY = YES_AGGRESSIVE;
				CLANG_WARN_UNREACHABLE_CODE = YES;
				CLANG_WARN__DUPLICATE_METHOD_MATCH = YES;
				CODE_SIGN_IDENTITY = "iPhone Developer";
				COPY_PHASE_STRIP = NO;
				DEBUG_INFORMATION_FORMAT = dwarf;
				ENABLE_STRICT_OBJC_MSGSEND = YES;
				ENABLE_TESTABILITY = YES;
				GCC_C_LANGUAGE_STANDARD = gnu11;
				GCC_DYNAMIC_NO_PIC = NO;
				GCC_NO_COMMON_BLOCKS = YES;
				GCC_OPTIMIZATION_LEVEL = 0;
				GCC_PREPROCESSOR_DEFINITIONS = (
					"DEBUG=1",
					"$(inherited)",
				);
				GCC_WARN_64_TO_32_BIT_CONVERSION = YES;
				GCC_WARN_ABOUT_RETURN_TYPE = YES_ERROR;
				GCC_WARN_UNDECLARED_SELECTOR = YES;
				GCC_WARN_UNINITIALIZED_AUTOS = YES_AGGRESSIVE;
				GCC_WARN_UNUSED_FUNCTION = YES;
				GCC_WARN_UNUSED_VARIABLE = YES;
				IPHONEOS_DEPLOYMENT_TARGET = 12.1;
				MTL_ENABLE_DEBUG_INFO = INCLUDE_SOURCE;
				MTL_FAST_MATH = YES;
				ONLY_ACTIVE_ARCH = YES;
				SDKROOT = iphoneos;
				SWIFT_ACTIVE_COMPILATION_CONDITIONS = DEBUG;
				SWIFT_OPTIMIZATION_LEVEL = "-Onone";
			};
			name = Debug;
		};
		E162510B22170E7D002C7A71 /* Release */ = {
			isa = XCBuildConfiguration;
			buildSettings = {
				ALWAYS_SEARCH_USER_PATHS = NO;
				CLANG_ANALYZER_NONNULL = YES;
				CLANG_ANALYZER_NUMBER_OBJECT_CONVERSION = YES_AGGRESSIVE;
				CLANG_CXX_LANGUAGE_STANDARD = "gnu++14";
				CLANG_CXX_LIBRARY = "libc++";
				CLANG_ENABLE_MODULES = YES;
				CLANG_ENABLE_OBJC_ARC = YES;
				CLANG_ENABLE_OBJC_WEAK = YES;
				CLANG_WARN_BLOCK_CAPTURE_AUTORELEASING = YES;
				CLANG_WARN_BOOL_CONVERSION = YES;
				CLANG_WARN_COMMA = YES;
				CLANG_WARN_CONSTANT_CONVERSION = YES;
				CLANG_WARN_DEPRECATED_OBJC_IMPLEMENTATIONS = YES;
				CLANG_WARN_DIRECT_OBJC_ISA_USAGE = YES_ERROR;
				CLANG_WARN_DOCUMENTATION_COMMENTS = YES;
				CLANG_WARN_EMPTY_BODY = YES;
				CLANG_WARN_ENUM_CONVERSION = YES;
				CLANG_WARN_INFINITE_RECURSION = YES;
				CLANG_WARN_INT_CONVERSION = YES;
				CLANG_WARN_NON_LITERAL_NULL_CONVERSION = YES;
				CLANG_WARN_OBJC_IMPLICIT_RETAIN_SELF = YES;
				CLANG_WARN_OBJC_LITERAL_CONVERSION = YES;
				CLANG_WARN_OBJC_ROOT_CLASS = YES_ERROR;
				CLANG_WARN_RANGE_LOOP_ANALYSIS = YES;
				CLANG_WARN_STRICT_PROTOTYPES = YES;
				CLANG_WARN_SUSPICIOUS_MOVE = YES;
				CLANG_WARN_UNGUARDED_AVAILABILITY = YES_AGGRESSIVE;
				CLANG_WARN_UNREACHABLE_CODE = YES;
				CLANG_WARN__DUPLICATE_METHOD_MATCH = YES;
				CODE_SIGN_IDENTITY = "iPhone Developer";
				COPY_PHASE_STRIP = NO;
				DEBUG_INFORMATION_FORMAT = "dwarf-with-dsym";
				ENABLE_NS_ASSERTIONS = NO;
				ENABLE_STRICT_OBJC_MSGSEND = YES;
				GCC_C_LANGUAGE_STANDARD = gnu11;
				GCC_NO_COMMON_BLOCKS = YES;
				GCC_WARN_64_TO_32_BIT_CONVERSION = YES;
				GCC_WARN_ABOUT_RETURN_TYPE = YES_ERROR;
				GCC_WARN_UNDECLARED_SELECTOR = YES;
				GCC_WARN_UNINITIALIZED_AUTOS = YES_AGGRESSIVE;
				GCC_WARN_UNUSED_FUNCTION = YES;
				GCC_WARN_UNUSED_VARIABLE = YES;
				IPHONEOS_DEPLOYMENT_TARGET = 12.1;
				MTL_ENABLE_DEBUG_INFO = NO;
				MTL_FAST_MATH = YES;
				SDKROOT = iphoneos;
				SWIFT_COMPILATION_MODE = wholemodule;
				SWIFT_OPTIMIZATION_LEVEL = "-O";
				VALIDATE_PRODUCT = YES;
			};
			name = Release;
		};
		E162510D22170E7D002C7A71 /* Debug */ = {
			isa = XCBuildConfiguration;
			baseConfigurationReference = 647B80E4896F5C848C7F7627 /* Pods-ShopHalf.debug.xcconfig */;
			buildSettings = {
				ASSETCATALOG_COMPILER_APPICON_NAME = AppIcon;
				CODE_SIGN_STYLE = Automatic;
				DEVELOPMENT_TEAM = 9F94YLNW6S;
				INFOPLIST_FILE = ShopHalf/Info.plist;
				LD_RUNPATH_SEARCH_PATHS = (
					"$(inherited)",
					"@executable_path/Frameworks",
				);
				PRODUCT_BUNDLE_IDENTIFIER = OutRunHalf.ShopHalf;
				PRODUCT_NAME = "$(TARGET_NAME)";
				SWIFT_VERSION = 4.2;
				TARGETED_DEVICE_FAMILY = 1;
			};
			name = Debug;
		};
		E162510E22170E7D002C7A71 /* Release */ = {
			isa = XCBuildConfiguration;
			baseConfigurationReference = D68938330829657A5C838C81 /* Pods-ShopHalf.release.xcconfig */;
			buildSettings = {
				ASSETCATALOG_COMPILER_APPICON_NAME = AppIcon;
				CODE_SIGN_STYLE = Automatic;
				DEVELOPMENT_TEAM = 9F94YLNW6S;
				INFOPLIST_FILE = ShopHalf/Info.plist;
				LD_RUNPATH_SEARCH_PATHS = (
					"$(inherited)",
					"@executable_path/Frameworks",
				);
				PRODUCT_BUNDLE_IDENTIFIER = OutRunHalf.ShopHalf;
				PRODUCT_NAME = "$(TARGET_NAME)";
				SWIFT_VERSION = 4.2;
				TARGETED_DEVICE_FAMILY = 1;
			};
			name = Release;
		};
/* End XCBuildConfiguration section */

/* Begin XCConfigurationList section */
		E16250F522170E7B002C7A71 /* Build configuration list for PBXProject "ShopHalf" */ = {
			isa = XCConfigurationList;
			buildConfigurations = (
				E162510A22170E7D002C7A71 /* Debug */,
				E162510B22170E7D002C7A71 /* Release */,
			);
			defaultConfigurationIsVisible = 0;
			defaultConfigurationName = Release;
		};
		E162510C22170E7D002C7A71 /* Build configuration list for PBXNativeTarget "ShopHalf" */ = {
			isa = XCConfigurationList;
			buildConfigurations = (
				E162510D22170E7D002C7A71 /* Debug */,
				E162510E22170E7D002C7A71 /* Release */,
			);
			defaultConfigurationIsVisible = 0;
			defaultConfigurationName = Release;
		};
/* End XCConfigurationList section */
	};
	rootObject = E16250F222170E7B002C7A71 /* Project object */;
}
